{
  "requires": true,
  "lockfileVersion": 1,
  "dependencies": {
    "clipboard-js": {
      "version": "0.3.6",
      "resolved": "https://registry.npmjs.org/clipboard-js/-/clipboard-js-0.3.6.tgz",
      "integrity": "sha512-hyrmvbrYCeRBHdiR3KrEz0tmrUTXXEU8HLeGW0Y0icUSwYmAsmc+d6wfE4EDb/TxZmAVJG0eTfMlulCIT+ecfw=="
    }
  }
}
